
Microsoft Visual Studio Solution File, Format Version 12.00
# Visual Studio Version 17
VisualStudioVersion = 17.3.32811.315
MinimumVisualStudioVersion = 10.0.40219.1
Project("{FAE04EC0-301F-11D3-BF4B-00C04F79EFBC}") = "InMarTest", "InMarTest\InMarTest.csproj", "{3662EA80-330D-4C7B-988F-BBBB3F0B521C}"
EndProject
Project("{FAE04EC0-301F-11D3-BF4B-00C04F79EFBC}") = "ConsoleAppTest", "ConsoleAppTest\ConsoleAppTest.csproj", "{9AE6D9CA-B8F0-44AB-B448-7B80E6BA2542}"
EndProject
Global
	GlobalSection(SolutionConfigurationPlatforms) = preSolution
		Debug|Any CPU = Debug|Any CPU
		Release|Any CPU = Release|Any CPU
	EndGlobalSection
	GlobalSection(ProjectConfigurationPlatforms) = postSolution
		{3662EA80-330D-4C7B-988F-BBBB3F0B521C}.Debug|Any CPU.ActiveCfg = Debug|Any CPU
		{3662EA80-330D-4C7B-988F-BBBB3F0B521C}.Debug|Any CPU.Build.0 = Debug|Any CPU
		{3662EA80-330D-4C7B-988F-BBBB3F0B521C}.Release|Any CPU.ActiveCfg = Release|Any CPU
		{3662EA80-330D-4C7B-988F-BBBB3F0B521C}.Release|Any CPU.Build.0 = Release|Any CPU
		{9AE6D9CA-B8F0-44AB-B448-7B80E6BA2542}.Debug|Any CPU.ActiveCfg = Debug|Any CPU
		{9AE6D9CA-B8F0-44AB-B448-7B80E6BA2542}.Debug|Any CPU.Build.0 = Debug|Any CPU
		{9AE6D9CA-B8F0-44AB-B448-7B80E6BA2542}.Release|Any CPU.ActiveCfg = Release|Any CPU
		{9AE6D9CA-B8F0-44AB-B448-7B80E6BA2542}.Release|Any CPU.Build.0 = Release|Any CPU
	EndGlobalSection
	GlobalSection(SolutionProperties) = preSolution
		HideSolutionNode = FALSE
	EndGlobalSection
	GlobalSection(ExtensibilityGlobals) = postSolution
		SolutionGuid = {D25C427D-A885-43F5-BFDD-073BA04164EE}
	EndGlobalSection
EndGlobal
